// !$*UTF8*$!
{
	archiveVersion = 1;
	classes = {
	};
	objectVersion = 56;
	objects = {

/* Begin PBXBuildFile section */
		AC61A3392A25FA6B00290C15 /* CountriesCitiesApp.swift in Sources */ = {isa = PBXBuildFile; fileRef = AC61A3382A25FA6B00290C15 /* CountriesCitiesApp.swift */; };
		AC61A33B2A25FA6B00290C15 /* ContentView.swift in Sources */ = {isa = PBXBuildFile; fileRef = AC61A33A2A25FA6B00290C15 /* ContentView.swift */; };
		AC61A33D2A25FA6C00290C15 /* Assets.xcassets in Resources */ = {isa = PBXBuildFile; fileRef = AC61A33C2A25FA6C00290C15 /* Assets.xcassets */; };
		AC61A3402A25FA6C00290C15 /* Preview Assets.xcassets in Resources */ = {isa = PBXBuildFile; fileRef = AC61A33F2A25FA6C00290C15 /* Preview Assets.xcassets */; };
		AC61A3422A25FA6C00290C15 /* Persistence.swift in Sources */ = {isa = PBXBuildFile; fileRef = AC61A3412A25FA6C00290C15 /* Persistence.swift */; };
		AC61A3452A25FA6C00290C15 /* CountriesCities.xcdatamodeld in Sources */ = {isa = PBXBuildFile; fileRef = AC61A3432A25FA6C00290C15 /* CountriesCities.xcdatamodeld */; };
		AC61A3542A26085500290C15 /* City+CoreDataClass.swift in Sources */ = {isa = PBXBuildFile; fileRef = AC61A3522A26085500290C15 /* City+CoreDataClass.swift */; };
		AC61A3552A26085500290C15 /* City+CoreDataProperties.swift in Sources */ = {isa = PBXBuildFile; fileRef = AC61A3532A26085500290C15 /* City+CoreDataProperties.swift */; };
		AC61A3582A26087000290C15 /* Country+CoreDataClass.swift in Sources */ = {isa = PBXBuildFile; fileRef = AC61A3562A26087000290C15 /* Country+CoreDataClass.swift */; };
		AC61A3592A26087000290C15 /* Country+CoreDataProperties.swift in Sources */ = {isa = PBXBuildFile; fileRef = AC61A3572A26087000290C15 /* Country+CoreDataProperties.swift */; };
		AC61A35B2A26186600290C15 /* CountryViewModel.swift in Sources */ = {isa = PBXBuildFile; fileRef = AC61A35A2A26186600290C15 /* CountryViewModel.swift */; };
		AC61A35D2A26262600290C15 /* CountryDetailView.swift in Sources */ = {isa = PBXBuildFile; fileRef = AC61A35C2A26262600290C15 /* CountryDetailView.swift */; };
		AC61A35F2A2626DF00290C15 /* AddCountryCityView.swift in Sources */ = {isa = PBXBuildFile; fileRef = AC61A35E2A2626DF00290C15 /* AddCountryCityView.swift */; };
		AC61A3612A2628C300290C15 /* AddCityView.swift in Sources */ = {isa = PBXBuildFile; fileRef = AC61A3602A2628C300290C15 /* AddCityView.swift */; };
		AC61A3632A2665B000290C15 /* CityViewModel.swift in Sources */ = {isa = PBXBuildFile; fileRef = AC61A3622A2665B000290C15 /* CityViewModel.swift */; };
		AC61A3652A26959B00290C15 /* GrowingButtonView.swift in Sources */ = {isa = PBXBuildFile; fileRef = AC61A3642A26959B00290C15 /* GrowingButtonView.swift */; };
		AC7128302A278B9E004B83A1 /* FlagListView.swift in Sources */ = {isa = PBXBuildFile; fileRef = AC71282F2A278B9E004B83A1 /* FlagListView.swift */; };
/* End PBXBuildFile section */

/* Begin PBXFileReference section */
		AC61A3352A25FA6B00290C15 /* CountriesCities.app */ = {isa = PBXFileReference; explicitFileType = wrapper.application; includeInIndex = 0; path = CountriesCities.app; sourceTree = BUILT_PRODUCTS_DIR; };
		AC61A3382A25FA6B00290C15 /* CountriesCitiesApp.swift */ = {isa = PBXFileReference; lastKnownFileType = sourcecode.swift; path = CountriesCitiesApp.swift; sourceTree = "<group>"; };
		AC61A33A2A25FA6B00290C15 /* ContentView.swift */ = {isa = PBXFileReference; lastKnownFileType = sourcecode.swift; path = ContentView.swift; sourceTree = "<group>"; };
		AC61A33C2A25FA6C00290C15 /* Assets.xcassets */ = {isa = PBXFileReference; lastKnownFileType = folder.assetcatalog; path = Assets.xcassets; sourceTree = "<group>"; };
		AC61A33F2A25FA6C00290C15 /* Preview Assets.xcassets */ = {isa = PBXFileReference; lastKnownFileType = folder.assetcatalog; path = "Preview Assets.xcassets"; sourceTree = "<group>"; };
		AC61A3412A25FA6C00290C15 /* Persistence.swift */ = {isa = PBXFileReference; lastKnownFileType = sourcecode.swift; path = Persistence.swift; sourceTree = "<group>"; };
		AC61A3442A25FA6C00290C15 /* CountriesCities.xcdatamodel */ = {isa = PBXFileReference; lastKnownFileType = wrapper.xcdatamodel; path = CountriesCities.xcdatamodel; sourceTree = "<group>"; };
		AC61A3522A26085500290C15 /* City+CoreDataClass.swift */ = {isa = PBXFileReference; lastKnownFileType = sourcecode.swift; path = "City+CoreDataClass.swift"; sourceTree = "<group>"; };
		AC61A3532A26085500290C15 /* City+CoreDataProperties.swift */ = {isa = PBXFileReference; lastKnownFileType = sourcecode.swift; path = "City+CoreDataProperties.swift"; sourceTree = "<group>"; };
		AC61A3562A26087000290C15 /* Country+CoreDataClass.swift */ = {isa = PBXFileReference; lastKnownFileType = sourcecode.swift; path = "Country+CoreDataClass.swift"; sourceTree = "<group>"; };
		AC61A3572A26087000290C15 /* Country+CoreDataProperties.swift */ = {isa = PBXFileReference; lastKnownFileType = sourcecode.swift; path = "Country+CoreDataProperties.swift"; sourceTree = "<group>"; };
		AC61A35A2A26186600290C15 /* CountryViewModel.swift */ = {isa = PBXFileReference; lastKnownFileType = sourcecode.swift; path = CountryViewModel.swift; sourceTree = "<group>"; };
		AC61A35C2A26262600290C15 /* CountryDetailView.swift */ = {isa = PBXFileReference; lastKnownFileType = sourcecode.swift; path = CountryDetailView.swift; sourceTree = "<group>"; };
		AC61A35E2A2626DF00290C15 /* AddCountryCityView.swift */ = {isa = PBXFileReference; lastKnownFileType = sourcecode.swift; path = AddCountryCityView.swift; sourceTree = "<group>"; };
		AC61A3602A2628C300290C15 /* AddCityView.swift */ = {isa = PBXFileReference; lastKnownFileType = sourcecode.swift; path = AddCityView.swift; sourceTree = "<group>"; };
		AC61A3622A2665B000290C15 /* CityViewModel.swift */ = {isa = PBXFileReference; lastKnownFileType = sourcecode.swift; path = CityViewModel.swift; sourceTree = "<group>"; };
		AC61A3642A26959B00290C15 /* GrowingButtonView.swift */ = {isa = PBXFileReference; lastKnownFileType = sourcecode.swift; path = GrowingButtonView.swift; sourceTree = "<group>"; };
		AC71282F2A278B9E004B83A1 /* FlagListView.swift */ = {isa = PBXFileReference; lastKnownFileType = sourcecode.swift; path = FlagListView.swift; sourceTree = "<group>"; };
/* End PBXFileReference section */

/* Begin PBXFrameworksBuildPhase section */
		AC61A3322A25FA6B00290C15 /* Frameworks */ = {
			isa = PBXFrameworksBuildPhase;
			buildActionMask = 2147483647;
			files = (
			);
			runOnlyForDeploymentPostprocessing = 0;
		};
/* End PBXFrameworksBuildPhase section */

/* Begin PBXGroup section */
		AC61A32C2A25FA6B00290C15 = {
			isa = PBXGroup;
			children = (
				AC61A3372A25FA6B00290C15 /* CountriesCities */,
				AC61A3362A25FA6B00290C15 /* Products */,
			);
			sourceTree = "<group>";
		};
		AC61A3362A25FA6B00290C15 /* Products */ = {
			isa = PBXGroup;
			children = (
				AC61A3352A25FA6B00290C15 /* CountriesCities.app */,
			);
			name = Products;
			sourceTree = "<group>";
		};
		AC61A3372A25FA6B00290C15 /* CountriesCities */ = {
			isa = PBXGroup;
			children = (
				AC61A3382A25FA6B00290C15 /* CountriesCitiesApp.swift */,
				AC61A34B2A25FDE600290C15 /* Model */,
				AC61A34C2A25FDEE00290C15 /* View */,
				AC61A34D2A25FDFA00290C15 /* ViewModel */,
				AC61A33C2A25FA6C00290C15 /* Assets.xcassets */,
				AC61A33E2A25FA6C00290C15 /* Preview Content */,
			);
			path = CountriesCities;
			sourceTree = "<group>";
		};
		AC61A33E2A25FA6C00290C15 /* Preview Content */ = {
			isa = PBXGroup;
			children = (
				AC61A33F2A25FA6C00290C15 /* Preview Assets.xcassets */,
			);
			path = "Preview Content";
			sourceTree = "<group>";
		};
		AC61A34B2A25FDE600290C15 /* Model */ = {
			isa = PBXGroup;
			children = (
				AC61A3432A25FA6C00290C15 /* CountriesCities.xcdatamodeld */,
				AC61A3562A26087000290C15 /* Country+CoreDataClass.swift */,
				AC61A3572A26087000290C15 /* Country+CoreDataProperties.swift */,
				AC61A3522A26085500290C15 /* City+CoreDataClass.swift */,
				AC61A3532A26085500290C15 /* City+CoreDataProperties.swift */,
				AC61A3412A25FA6C00290C15 /* Persistence.swift */,
			);
			path = Model;
			sourceTree = "<group>";
		};
		AC61A34C2A25FDEE00290C15 /* View */ = {
			isa = PBXGroup;
			children = (
				AC61A33A2A25FA6B00290C15 /* ContentView.swift */,
				AC61A35C2A26262600290C15 /* CountryDetailView.swift */,
				AC61A35E2A2626DF00290C15 /* AddCountryCityView.swift */,
				AC61A3602A2628C300290C15 /* AddCityView.swift */,
				AC71282F2A278B9E004B83A1 /* FlagListView.swift */,
				AC61A3642A26959B00290C15 /* GrowingButtonView.swift */,
			);
			path = View;
			sourceTree = "<group>";
		};
		AC61A34D2A25FDFA00290C15 /* ViewModel */ = {
			isa = PBXGroup;
			children = (
				AC61A35A2A26186600290C15 /* CountryViewModel.swift */,
				AC61A3622A2665B000290C15 /* CityViewModel.swift */,
			);
			path = ViewModel;
			sourceTree = "<group>";
		};
/* End PBXGroup section */

/* Begin PBXNativeTarget section */
		AC61A3342A25FA6B00290C15 /* CountriesCities */ = {
			isa = PBXNativeTarget;
			buildConfigurationList = AC61A3482A25FA6C00290C15 /* Build configuration list for PBXNativeTarget "CountriesCities" */;
			buildPhases = (
				AC61A3312A25FA6B00290C15 /* Sources */,
				AC61A3322A25FA6B00290C15 /* Frameworks */,
				AC61A3332A25FA6B00290C15 /* Resources */,
			);
			buildRules = (
			);
			dependencies = (
			);
			name = CountriesCities;
			productName = CountriesCities;
			productReference = AC61A3352A25FA6B00290C15 /* CountriesCities.app */;
			productType = "com.apple.product-type.application";
		};
/* End PBXNativeTarget section */

/* Begin PBXProject section */
		AC61A32D2A25FA6B00290C15 /* Project object */ = {
			isa = PBXProject;
			attributes = {
				BuildIndependentTargetsInParallel = 1;
				LastSwiftUpdateCheck = 1420;
				LastUpgradeCheck = 1420;
				TargetAttributes = {
					AC61A3342A25FA6B00290C15 = {
						CreatedOnToolsVersion = 14.2;
					};
				};
			};
			buildConfigurationList = AC61A3302A25FA6B00290C15 /* Build configuration list for PBXProject "CountriesCities" */;
			compatibilityVersion = "Xcode 14.0";
			developmentRegion = en;
			hasScannedForEncodings = 0;
			knownRegions = (
				en,
				Base,
			);
			mainGroup = AC61A32C2A25FA6B00290C15;
			productRefGroup = AC61A3362A25FA6B00290C15 /* Products */;
			projectDirPath = "";
			projectRoot = "";
			targets = (
				AC61A3342A25FA6B00290C15 /* CountriesCities */,
			);
		};
/* End PBXProject section */

/* Begin PBXResourcesBuildPhase section */
		AC61A3332A25FA6B00290C15 /* Resources */ = {
			isa = PBXResourcesBuildPhase;
			buildActionMask = 2147483647;
			files = (
				AC61A3402A25FA6C00290C15 /* Preview Assets.xcassets in Resources */,
				AC61A33D2A25FA6C00290C15 /* Assets.xcassets in Resources */,
			);
			runOnlyForDeploymentPostprocessing = 0;
		};
/* End PBXResourcesBuildPhase section */

/* Begin PBXSourcesBuildPhase section */
		AC61A3312A25FA6B00290C15 /* Sources */ = {
			isa = PBXSourcesBuildPhase;
			buildActionMask = 2147483647;
			files = (
				AC61A3652A26959B00290C15 /* GrowingButtonView.swift in Sources */,
				AC61A3592A26087000290C15 /* Country+CoreDataProperties.swift in Sources */,
				AC61A3612A2628C300290C15 /* AddCityView.swift in Sources */,
				AC61A3422A25FA6C00290C15 /* Persistence.swift in Sources */,
				AC61A3452A25FA6C00290C15 /* CountriesCities.xcdatamodeld in Sources */,
				AC61A35B2A26186600290C15 /* CountryViewModel.swift in Sources */,
				AC7128302A278B9E004B83A1 /* FlagListView.swift in Sources */,
				AC61A35D2A26262600290C15 /* CountryDetailView.swift in Sources */,
				AC61A3552A26085500290C15 /* City+CoreDataProperties.swift in Sources */,
				AC61A33B2A25FA6B00290C15 /* ContentView.swift in Sources */,
				AC61A3542A26085500290C15 /* City+CoreDataClass.swift in Sources */,
				AC61A35F2A2626DF00290C15 /* AddCountryCityView.swift in Sources */,
				AC61A3632A2665B000290C15 /* CityViewModel.swift in Sources */,
				AC61A3392A25FA6B00290C15 /* CountriesCitiesApp.swift in Sources */,
				AC61A3582A26087000290C15 /* Country+CoreDataClass.swift in Sources */,
			);
			runOnlyForDeploymentPostprocessing = 0;
		};
/* End PBXSourcesBuildPhase section */

/* Begin XCBuildConfiguration section */
		AC61A3462A25FA6C00290C15 /* Debug */ = {
			isa = XCBuildConfiguration;
			buildSettings = {
				ALWAYS_SEARCH_USER_PATHS = NO;
				CLANG_ANALYZER_NONNULL = YES;
				CLANG_ANALYZER_NUMBER_OBJECT_CONVERSION = YES_AGGRESSIVE;
				CLANG_CXX_LANGUAGE_STANDARD = "gnu++20";
				CLANG_ENABLE_MODULES = YES;
				CLANG_ENABLE_OBJC_ARC = YES;
				CLANG_ENABLE_OBJC_WEAK = YES;
				CLANG_WARN_BLOCK_CAPTURE_AUTORELEASING = YES;
				CLANG_WARN_BOOL_CONVERSION = YES;
				CLANG_WARN_COMMA = YES;
				CLANG_WARN_CONSTANT_CONVERSION = YES;
				CLANG_WARN_DEPRECATED_OBJC_IMPLEMENTATIONS = YES;
				CLANG_WARN_DIRECT_OBJC_ISA_USAGE = YES_ERROR;
				CLANG_WARN_DOCUMENTATION_COMMENTS = YES;
				CLANG_WARN_EMPTY_BODY = YES;
				CLANG_WARN_ENUM_CONVERSION = YES;
				CLANG_WARN_INFINITE_RECURSION = YES;
				CLANG_WARN_INT_CONVERSION = YES;
				CLANG_WARN_NON_LITERAL_NULL_CONVERSION = YES;
				CLANG_WARN_OBJC_IMPLICIT_RETAIN_SELF = YES;
				CLANG_WARN_OBJC_LITERAL_CONVERSION = YES;
				CLANG_WARN_OBJC_ROOT_CLASS = YES_ERROR;
				CLANG_WARN_QUOTED_INCLUDE_IN_FRAMEWORK_HEADER = YES;
				CLANG_WARN_RANGE_LOOP_ANALYSIS = YES;
				CLANG_WARN_STRICT_PROTOTYPES = YES;
				CLANG_WARN_SUSPICIOUS_MOVE = YES;
				CLANG_WARN_UNGUARDED_AVAILABILITY = YES_AGGRESSIVE;
				CLANG_WARN_UNREACHABLE_CODE = YES;
				CLANG_WARN__DUPLICATE_METHOD_MATCH = YES;
				COPY_PHASE_STRIP = NO;
				DEBUG_INFORMATION_FORMAT = dwarf;
				ENABLE_STRICT_OBJC_MSGSEND = YES;
				ENABLE_TESTABILITY = YES;
				GCC_C_LANGUAGE_STANDARD = gnu11;
				GCC_DYNAMIC_NO_PIC = NO;
				GCC_NO_COMMON_BLOCKS = YES;
				GCC_OPTIMIZATION_LEVEL = 0;
				GCC_PREPROCESSOR_DEFINITIONS = (
					"DEBUG=1",
					"$(inherited)",
				);
				GCC_WARN_64_TO_32_BIT_CONVERSION = YES;
				GCC_WARN_ABOUT_RETURN_TYPE = YES_ERROR;
				GCC_WARN_UNDECLARED_SELECTOR = YES;
				GCC_WARN_UNINITIALIZED_AUTOS = YES_AGGRESSIVE;
				GCC_WARN_UNUSED_FUNCTION = YES;
				GCC_WARN_UNUSED_VARIABLE = YES;
				IPHONEOS_DEPLOYMENT_TARGET = 16.2;
				MTL_ENABLE_DEBUG_INFO = INCLUDE_SOURCE;
				MTL_FAST_MATH = YES;
				ONLY_ACTIVE_ARCH = YES;
				SDKROOT = iphoneos;
				SWIFT_ACTIVE_COMPILATION_CONDITIONS = DEBUG;
				SWIFT_OPTIMIZATION_LEVEL = "-Onone";
			};
			name = Debug;
		};
		AC61A3472A25FA6C00290C15 /* Release */ = {
			isa = XCBuildConfiguration;
			buildSettings = {
				ALWAYS_SEARCH_USER_PATHS = NO;
				CLANG_ANALYZER_NONNULL = YES;
				CLANG_ANALYZER_NUMBER_OBJECT_CONVERSION = YES_AGGRESSIVE;
				CLANG_CXX_LANGUAGE_STANDARD = "gnu++20";
				CLANG_ENABLE_MODULES = YES;
				CLANG_ENABLE_OBJC_ARC = YES;
				CLANG_ENABLE_OBJC_WEAK = YES;
				CLANG_WARN_BLOCK_CAPTURE_AUTORELEASING = YES;
				CLANG_WARN_BOOL_CONVERSION = YES;
				CLANG_WARN_COMMA = YES;
				CLANG_WARN_CONSTANT_CONVERSION = YES;
				CLANG_WARN_DEPRECATED_OBJC_IMPLEMENTATIONS = YES;
				CLANG_WARN_DIRECT_OBJC_ISA_USAGE = YES_ERROR;
				CLANG_WARN_DOCUMENTATION_COMMENTS = YES;
				CLANG_WARN_EMPTY_BODY = YES;
				CLANG_WARN_ENUM_CONVERSION = YES;
				CLANG_WARN_INFINITE_RECURSION = YES;
				CLANG_WARN_INT_CONVERSION = YES;
				CLANG_WARN_NON_LITERAL_NULL_CONVERSION = YES;
				CLANG_WARN_OBJC_IMPLICIT_RETAIN_SELF = YES;
				CLANG_WARN_OBJC_LITERAL_CONVERSION = YES;
				CLANG_WARN_OBJC_ROOT_CLASS = YES_ERROR;
				CLANG_WARN_QUOTED_INCLUDE_IN_FRAMEWORK_HEADER = YES;
				CLANG_WARN_RANGE_LOOP_ANALYSIS = YES;
				CLANG_WARN_STRICT_PROTOTYPES = YES;
				CLANG_WARN_SUSPICIOUS_MOVE = YES;
				CLANG_WARN_UNGUARDED_AVAILABILITY = YES_AGGRESSIVE;
				CLANG_WARN_UNREACHABLE_CODE = YES;
				CLANG_WARN__DUPLICATE_METHOD_MATCH = YES;
				COPY_PHASE_STRIP = NO;
				DEBUG_INFORMATION_FORMAT = "dwarf-with-dsym";
				ENABLE_NS_ASSERTIONS = NO;
				ENABLE_STRICT_OBJC_MSGSEND = YES;
				GCC_C_LANGUAGE_STANDARD = gnu11;
				GCC_NO_COMMON_BLOCKS = YES;
				GCC_WARN_64_TO_32_BIT_CONVERSION = YES;
				GCC_WARN_ABOUT_RETURN_TYPE = YES_ERROR;
				GCC_WARN_UNDECLARED_SELECTOR = YES;
				GCC_WARN_UNINITIALIZED_AUTOS = YES_AGGRESSIVE;
				GCC_WARN_UNUSED_FUNCTION = YES;
				GCC_WARN_UNUSED_VARIABLE = YES;
				IPHONEOS_DEPLOYMENT_TARGET = 16.2;
				MTL_ENABLE_DEBUG_INFO = NO;
				MTL_FAST_MATH = YES;
				SDKROOT = iphoneos;
				SWIFT_COMPILATION_MODE = wholemodule;
				SWIFT_OPTIMIZATION_LEVEL = "-O";
				VALIDATE_PRODUCT = YES;
			};
			name = Release;
		};
		AC61A3492A25FA6C00290C15 /* Debug */ = {
			isa = XCBuildConfiguration;
			buildSettings = {
				ASSETCATALOG_COMPILER_APPICON_NAME = AppIcon;
				ASSETCATALOG_COMPILER_GLOBAL_ACCENT_COLOR_NAME = AccentColor;
				CODE_SIGN_STYLE = Automatic;
				CURRENT_PROJECT_VERSION = 1;
				DEVELOPMENT_ASSET_PATHS = "\"CountriesCities/Preview Content\"";
				DEVELOPMENT_TEAM = 3WL53CAG23;
				ENABLE_PREVIEWS = YES;
				GENERATE_INFOPLIST_FILE = YES;
				INFOPLIST_KEY_UIApplicationSceneManifest_Generation = YES;
				INFOPLIST_KEY_UIApplicationSupportsIndirectInputEvents = YES;
				INFOPLIST_KEY_UILaunchScreen_Generation = YES;
				INFOPLIST_KEY_UISupportedInterfaceOrientations_iPad = "UIInterfaceOrientationPortrait UIInterfaceOrientationPortraitUpsideDown UIInterfaceOrientationLandscapeLeft UIInterfaceOrientationLandscapeRight";
				INFOPLIST_KEY_UISupportedInterfaceOrientations_iPhone = "UIInterfaceOrientationPortrait UIInterfaceOrientationLandscapeLeft UIInterfaceOrientationLandscapeRight";
				LD_RUNPATH_SEARCH_PATHS = (
					"$(inherited)",
					"@executable_path/Frameworks",
				);
				MARKETING_VERSION = 1.0;
				PRODUCT_BUNDLE_IDENTIFIER = Nat.CountriesCities;
				PRODUCT_NAME = "$(TARGET_NAME)";
				SWIFT_EMIT_LOC_STRINGS = YES;
				SWIFT_VERSION = 5.0;
				TARGETED_DEVICE_FAMILY = "1,2";
			};
			name = Debug;
		};
		AC61A34A2A25FA6C00290C15 /* Release */ = {
			isa = XCBuildConfiguration;
			buildSettings = {
				ASSETCATALOG_COMPILER_APPICON_NAME = AppIcon;
				ASSETCATALOG_COMPILER_GLOBAL_ACCENT_COLOR_NAME = AccentColor;
				CODE_SIGN_STYLE = Automatic;
				CURRENT_PROJECT_VERSION = 1;
				DEVELOPMENT_ASSET_PATHS = "\"CountriesCities/Preview Content\"";
				DEVELOPMENT_TEAM = 3WL53CAG23;
				ENABLE_PREVIEWS = YES;
				GENERATE_INFOPLIST_FILE = YES;
				INFOPLIST_KEY_UIApplicationSceneManifest_Generation = YES;
				INFOPLIST_KEY_UIApplicationSupportsIndirectInputEvents = YES;
				INFOPLIST_KEY_UILaunchScreen_Generation = YES;
				INFOPLIST_KEY_UISupportedInterfaceOrientations_iPad = "UIInterfaceOrientationPortrait UIInterfaceOrientationPortraitUpsideDown UIInterfaceOrientationLandscapeLeft UIInterfaceOrientationLandscapeRight";
				INFOPLIST_KEY_UISupportedInterfaceOrientations_iPhone = "UIInterfaceOrientationPortrait UIInterfaceOrientationLandscapeLeft UIInterfaceOrientationLandscapeRight";
				LD_RUNPATH_SEARCH_PATHS = (
					"$(inherited)",
					"@executable_path/Frameworks",
				);
				MARKETING_VERSION = 1.0;
				PRODUCT_BUNDLE_IDENTIFIER = Nat.CountriesCities;
				PRODUCT_NAME = "$(TARGET_NAME)";
				SWIFT_EMIT_LOC_STRINGS = YES;
				SWIFT_VERSION = 5.0;
				TARGETED_DEVICE_FAMILY = "1,2";
			};
			name = Release;
		};
/* End XCBuildConfiguration section */

/* Begin XCConfigurationList section */
		AC61A3302A25FA6B00290C15 /* Build configuration list for PBXProject "CountriesCities" */ = {
			isa = XCConfigurationList;
			buildConfigurations = (
				AC61A3462A25FA6C00290C15 /* Debug */,
				AC61A3472A25FA6C00290C15 /* Release */,
			);
			defaultConfigurationIsVisible = 0;
			defaultConfigurationName = Release;
		};
		AC61A3482A25FA6C00290C15 /* Build configuration list for PBXNativeTarget "CountriesCities" */ = {
			isa = XCConfigurationList;
			buildConfigurations = (
				AC61A3492A25FA6C00290C15 /* Debug */,
				AC61A34A2A25FA6C00290C15 /* Release */,
			);
			defaultConfigurationIsVisible = 0;
			defaultConfigurationName = Release;
		};
/* End XCConfigurationList section */

/* Begin XCVersionGroup section */
		AC61A3432A25FA6C00290C15 /* CountriesCities.xcdatamodeld */ = {
			isa = XCVersionGroup;
			children = (
				AC61A3442A25FA6C00290C15 /* CountriesCities.xcdatamodel */,
			);
			currentVersion = AC61A3442A25FA6C00290C15 /* CountriesCities.xcdatamodel */;
			path = CountriesCities.xcdatamodeld;
			sourceTree = "<group>";
			versionGroupType = wrapper.xcdatamodel;
		};
/* End XCVersionGroup section */
	};
	rootObject = AC61A32D2A25FA6B00290C15 /* Project object */;
}
